// !$*UTF8*$!
{
	archiveVersion = 1;
	classes = {
	};
	objectVersion = 46;
	objects = {

/* Begin PBXBuildFile section */
		0FF3B5781B7049BF00610DCE /* main.m in Sources */ = {isa = PBXBuildFile; fileRef = 0FF3B5771B7049BF00610DCE /* main.m */; };
		0FF3B57B1B7049BF00610DCE /* AppDelegate.m in Sources */ = {isa = PBXBuildFile; fileRef = 0FF3B57A1B7049BF00610DCE /* AppDelegate.m */; };
		0FF3B57E1B7049BF00610DCE /* ViewController.m in Sources */ = {isa = PBXBuildFile; fileRef = 0FF3B57D1B7049BF00610DCE /* ViewController.m */; };
		0FF3B5811B7049BF00610DCE /* Main.storyboard in Resources */ = {isa = PBXBuildFile; fileRef = 0FF3B57F1B7049BF00610DCE /* Main.storyboard */; };
		0FF3B5831B7049BF00610DCE /* Images.xcassets in Resources */ = {isa = PBXBuildFile; fileRef = 0FF3B5821B7049BF00610DCE /* Images.xcassets */; };
		0FF3B5861B7049BF00610DCE /* LaunchScreen.xib in Resources */ = {isa = PBXBuildFile; fileRef = 0FF3B5841B7049BF00610DCE /* LaunchScreen.xib */; };
		0FF3B5921B7049BF00610DCE /* RtableTestTests.m in Sources */ = {isa = PBXBuildFile; fileRef = 0FF3B5911B7049BF00610DCE /* RtableTestTests.m */; };
/* End PBXBuildFile section */

/* Begin PBXContainerItemProxy section */
		0FF3B58C1B7049BF00610DCE /* PBXContainerItemProxy */ = {
			isa = PBXContainerItemProxy;
			containerPortal = 0FF3B56A1B7049BF00610DCE /* Project object */;
			proxyType = 1;
			remoteGlobalIDString = 0FF3B5711B7049BF00610DCE;
			remoteInfo = RtableTest;
		};
/* End PBXContainerItemProxy section */

/* Begin PBXFileReference section */
		0FF3B5721B7049BF00610DCE /* RtableTest.app */ = {isa = PBXFileReference; explicitFileType = wrapper.application; includeInIndex = 0; path = RtableTest.app; sourceTree = BUILT_PRODUCTS_DIR; };
		0FF3B5761B7049BF00610DCE /* Info.plist */ = {isa = PBXFileReference; lastKnownFileType = text.plist.xml; path = Info.plist; sourceTree = "<group>"; };
		0FF3B5771B7049BF00610DCE /* main.m */ = {isa = PBXFileReference; lastKnownFileType = sourcecode.c.objc; path = main.m; sourceTree = "<group>"; };
		0FF3B5791B7049BF00610DCE /* AppDelegate.h */ = {isa = PBXFileReference; lastKnownFileType = sourcecode.c.h; path = AppDelegate.h; sourceTree = "<group>"; };
		0FF3B57A1B7049BF00610DCE /* AppDelegate.m */ = {isa = PBXFileReference; lastKnownFileType = sourcecode.c.objc; path = AppDelegate.m; sourceTree = "<group>"; };
		0FF3B57C1B7049BF00610DCE /* ViewController.h */ = {isa = PBXFileReference; lastKnownFileType = sourcecode.c.h; path = ViewController.h; sourceTree = "<group>"; };
		0FF3B57D1B7049BF00610DCE /* ViewController.m */ = {isa = PBXFileReference; lastKnownFileType = sourcecode.c.objc; path = ViewController.m; sourceTree = "<group>"; };
		0FF3B5801B7049BF00610DCE /* Base */ = {isa = PBXFileReference; lastKnownFileType = file.storyboard; name = Base; path = Base.lproj/Main.storyboard; sourceTree = "<group>"; };
		0FF3B5821B7049BF00610DCE /* Images.xcassets */ = {isa = PBXFileReference; lastKnownFileType = folder.assetcatalog; path = Images.xcassets; sourceTree = "<group>"; };
		0FF3B5851B7049BF00610DCE /* Base */ = {isa = PBXFileReference; lastKnownFileType = file.xib; name = Base; path = Base.lproj/LaunchScreen.xib; sourceTree = "<group>"; };
		0FF3B58B1B7049BF00610DCE /* RtableTestTests.xctest */ = {isa = PBXFileReference; explicitFileType = wrapper.cfbundle; includeInIndex = 0; path = RtableTestTests.xctest; sourceTree = BUILT_PRODUCTS_DIR; };
		0FF3B5901B7049BF00610DCE /* Info.plist */ = {isa = PBXFileReference; lastKnownFileType = text.plist.xml; path = Info.plist; sourceTree = "<group>"; };
		0FF3B5911B7049BF00610DCE /* RtableTestTests.m */ = {isa = PBXFileReference; lastKnownFileType = sourcecode.c.objc; path = RtableTestTests.m; sourceTree = "<group>"; };
/* End PBXFileReference section */

/* Begin PBXFrameworksBuildPhase section */
		0FF3B56F1B7049BF00610DCE /* Frameworks */ = {
			isa = PBXFrameworksBuildPhase;
			buildActionMask = 2147483647;
			files = (
			);
			runOnlyForDeploymentPostprocessing = 0;
		};
		0FF3B5881B7049BF00610DCE /* Frameworks */ = {
			isa = PBXFrameworksBuildPhase;
			buildActionMask = 2147483647;
			files = (
			);
			runOnlyForDeploymentPostprocessing = 0;
		};
/* End PBXFrameworksBuildPhase section */

/* Begin PBXGroup section */
		0FF3B5691B7049BF00610DCE = {
			isa = PBXGroup;
			children = (
				0FF3B5741B7049BF00610DCE /* RtableTest */,
				0FF3B58E1B7049BF00610DCE /* RtableTestTests */,
				0FF3B5731B7049BF00610DCE /* Products */,
			);
			sourceTree = "<group>";
		};
		0FF3B5731B7049BF00610DCE /* Products */ = {
			isa = PBXGroup;
			children = (
				0FF3B5721B7049BF00610DCE /* RtableTest.app */,
				0FF3B58B1B7049BF00610DCE /* RtableTestTests.xctest */,
			);
			name = Products;
			sourceTree = "<group>";
		};
		0FF3B5741B7049BF00610DCE /* RtableTest */ = {
			isa = PBXGroup;
			children = (
				0FF3B5791B7049BF00610DCE /* AppDelegate.h */,
				0FF3B57A1B7049BF00610DCE /* AppDelegate.m */,
				0FF3B57C1B7049BF00610DCE /* ViewController.h */,
				0FF3B57D1B7049BF00610DCE /* ViewController.m */,
				0FF3B57F1B7049BF00610DCE /* Main.storyboard */,
				0FF3B5821B7049BF00610DCE /* Images.xcassets */,
				0FF3B5841B7049BF00610DCE /* LaunchScreen.xib */,
				0FF3B5751B7049BF00610DCE /* Supporting Files */,
			);
			path = RtableTest;
			sourceTree = "<group>";
		};
		0FF3B5751B7049BF00610DCE /* Supporting Files */ = {
			isa = PBXGroup;
			children = (
				0FF3B5761B7049BF00610DCE /* Info.plist */,
				0FF3B5771B7049BF00610DCE /* main.m */,
			);
			name = "Supporting Files";
			sourceTree = "<group>";
		};
		0FF3B58E1B7049BF00610DCE /* RtableTestTests */ = {
			isa = PBXGroup;
			children = (
				0FF3B5911B7049BF00610DCE /* RtableTestTests.m */,
				0FF3B58F1B7049BF00610DCE /* Supporting Files */,
			);
			path = RtableTestTests;
			sourceTree = "<group>";
		};
		0FF3B58F1B7049BF00610DCE /* Supporting Files */ = {
			isa = PBXGroup;
			children = (
				0FF3B5901B7049BF00610DCE /* Info.plist */,
			);
			name = "Supporting Files";
			sourceTree = "<group>";
		};
/* End PBXGroup section */

/* Begin PBXNativeTarget section */
		0FF3B5711B7049BF00610DCE /* RtableTest */ = {
			isa = PBXNativeTarget;
			buildConfigurationList = 0FF3B5951B7049BF00610DCE /* Build configuration list for PBXNativeTarget "RtableTest" */;
			buildPhases = (
				0FF3B56E1B7049BF00610DCE /* Sources */,
				0FF3B56F1B7049BF00610DCE /* Frameworks */,
				0FF3B5701B7049BF00610DCE /* Resources */,
			);
			buildRules = (
			);
			dependencies = (
			);
			name = RtableTest;
			productName = RtableTest;
			productReference = 0FF3B5721B7049BF00610DCE /* RtableTest.app */;
			productType = "com.apple.product-type.application";
		};
		0FF3B58A1B7049BF00610DCE /* RtableTestTests */ = {
			isa = PBXNativeTarget;
			buildConfigurationList = 0FF3B5981B7049BF00610DCE /* Build configuration list for PBXNativeTarget "RtableTestTests" */;
			buildPhases = (
				0FF3B5871B7049BF00610DCE /* Sources */,
				0FF3B5881B7049BF00610DCE /* Frameworks */,
				0FF3B5891B7049BF00610DCE /* Resources */,
			);
			buildRules = (
			);
			dependencies = (
				0FF3B58D1B7049BF00610DCE /* PBXTargetDependency */,
			);
			name = RtableTestTests;
			productName = RtableTestTests;
			productReference = 0FF3B58B1B7049BF00610DCE /* RtableTestTests.xctest */;
			productType = "com.apple.product-type.bundle.unit-test";
		};
/* End PBXNativeTarget section */

/* Begin PBXProject section */
		0FF3B56A1B7049BF00610DCE /* Project object */ = {
			isa = PBXProject;
			attributes = {
				LastUpgradeCheck = 0610;
				ORGANIZATIONNAME = Ibokan;
				TargetAttributes = {
					0FF3B5711B7049BF00610DCE = {
						CreatedOnToolsVersion = 6.1;
					};
					0FF3B58A1B7049BF00610DCE = {
						CreatedOnToolsVersion = 6.1;
						TestTargetID = 0FF3B5711B7049BF00610DCE;
					};
				};
			};
			buildConfigurationList = 0FF3B56D1B7049BF00610DCE /* Build configuration list for PBXProject "RtableTest" */;
			compatibilityVersion = "Xcode 3.2";
			developmentRegion = English;
			hasScannedForEncodings = 0;
			knownRegions = (
				en,
				Base,
			);
			mainGroup = 0FF3B5691B7049BF00610DCE;
			productRefGroup = 0FF3B5731B7049BF00610DCE /* Products */;
			projectDirPath = "";
			projectRoot = "";
			targets = (
				0FF3B5711B7049BF00610DCE /* RtableTest */,
				0FF3B58A1B7049BF00610DCE /* RtableTestTests */,
			);
		};
/* End PBXProject section */

/* Begin PBXResourcesBuildPhase section */
		0FF3B5701B7049BF00610DCE /* Resources */ = {
			isa = PBXResourcesBuildPhase;
			buildActionMask = 2147483647;
			files = (
				0FF3B5811B7049BF00610DCE /* Main.storyboard in Resources */,
				0FF3B5861B7049BF00610DCE /* LaunchScreen.xib in Resources */,
				0FF3B5831B7049BF00610DCE /* Images.xcassets in Resources */,
			);
			runOnlyForDeploymentPostprocessing = 0;
		};
		0FF3B5891B7049BF00610DCE /* Resources */ = {
			isa = PBXResourcesBuildPhase;
			buildActionMask = 2147483647;
			files = (
			);
			runOnlyForDeploymentPostprocessing = 0;
		};
/* End PBXResourcesBuildPhase section */

/* Begin PBXSourcesBuildPhase section */
		0FF3B56E1B7049BF00610DCE /* Sources */ = {
			isa = PBXSourcesBuildPhase;
			buildActionMask = 2147483647;
			files = (
				0FF3B57E1B7049BF00610DCE /* ViewController.m in Sources */,
				0FF3B57B1B7049BF00610DCE /* AppDelegate.m in Sources */,
				0FF3B5781B7049BF00610DCE /* main.m in Sources */,
			);
			runOnlyForDeploymentPostprocessing = 0;
		};
		0FF3B5871B7049BF00610DCE /* Sources */ = {
			isa = PBXSourcesBuildPhase;
			buildActionMask = 2147483647;
			files = (
				0FF3B5921B7049BF00610DCE /* RtableTestTests.m in Sources */,
			);
			runOnlyForDeploymentPostprocessing = 0;
		};
/* End PBXSourcesBuildPhase section */

/* Begin PBXTargetDependency section */
		0FF3B58D1B7049BF00610DCE /* PBXTargetDependency */ = {
			isa = PBXTargetDependency;
			target = 0FF3B5711B7049BF00610DCE /* RtableTest */;
			targetProxy = 0FF3B58C1B7049BF00610DCE /* PBXContainerItemProxy */;
		};
/* End PBXTargetDependency section */

/* Begin PBXVariantGroup section */
		0FF3B57F1B7049BF00610DCE /* Main.storyboard */ = {
			isa = PBXVariantGroup;
			children = (
				0FF3B5801B7049BF00610DCE /* Base */,
			);
			name = Main.storyboard;
			sourceTree = "<group>";
		};
		0FF3B5841B7049BF00610DCE /* LaunchScreen.xib */ = {
			isa = PBXVariantGroup;
			children = (
				0FF3B5851B7049BF00610DCE /* Base */,
			);
			name = LaunchScreen.xib;
			sourceTree = "<group>";
		};
/* End PBXVariantGroup section */

/* Begin XCBuildConfiguration section */
		0FF3B5931B7049BF00610DCE /* Debug */ = {
			isa = XCBuildConfiguration;
			buildSettings = {
				ALWAYS_SEARCH_USER_PATHS = NO;
				CLANG_CXX_LANGUAGE_STANDARD = "gnu++0x";
				CLANG_CXX_LIBRARY = "libc++";
				CLANG_ENABLE_MODULES = YES;
				CLANG_ENABLE_OBJC_ARC = YES;
				CLANG_WARN_BOOL_CONVERSION = YES;
				CLANG_WARN_CONSTANT_CONVERSION = YES;
				CLANG_WARN_DIRECT_OBJC_ISA_USAGE = YES_ERROR;
				CLANG_WARN_EMPTY_BODY = YES;
				CLANG_WARN_ENUM_CONVERSION = YES;
				CLANG_WARN_INT_CONVERSION = YES;
				CLANG_WARN_OBJC_ROOT_CLASS = YES_ERROR;
				CLANG_WARN_UNREACHABLE_CODE = YES;
				CLANG_WARN__DUPLICATE_METHOD_MATCH = YES;
				"CODE_SIGN_IDENTITY[sdk=iphoneos*]" = "iPhone Developer";
				COPY_PHASE_STRIP = NO;
				ENABLE_STRICT_OBJC_MSGSEND = YES;
				GCC_C_LANGUAGE_STANDARD = gnu99;
				GCC_DYNAMIC_NO_PIC = NO;
				GCC_OPTIMIZATION_LEVEL = 0;
				GCC_PREPROCESSOR_DEFINITIONS = (
					"DEBUG=1",
					"$(inherited)",
				);
				GCC_SYMBOLS_PRIVATE_EXTERN = NO;
				GCC_WARN_64_TO_32_BIT_CONVERSION = YES;
				GCC_WARN_ABOUT_RETURN_TYPE = YES_ERROR;
				GCC_WARN_UNDECLARED_SELECTOR = YES;
				GCC_WARN_UNINITIALIZED_AUTOS = YES_AGGRESSIVE;
				GCC_WARN_UNUSED_FUNCTION = YES;
				GCC_WARN_UNUSED_VARIABLE = YES;
				IPHONEOS_DEPLOYMENT_TARGET = 8.1;
				MTL_ENABLE_DEBUG_INFO = YES;
				ONLY_ACTIVE_ARCH = YES;
				SDKROOT = iphoneos;
				TARGETED_DEVICE_FAMILY = "1,2";
			};
			name = Debug;
		};
		0FF3B5941B7049BF00610DCE /* Release */ = {
			isa = XCBuildConfiguration;
			buildSettings = {
				ALWAYS_SEARCH_USER_PATHS = NO;
				CLANG_CXX_LANGUAGE_STANDARD = "gnu++0x";
				CLANG_CXX_LIBRARY = "libc++";
				CLANG_ENABLE_MODULES = YES;
				CLANG_ENABLE_OBJC_ARC = YES;
				CLANG_WARN_BOOL_CONVERSION = YES;
				CLANG_WARN_CONSTANT_CONVERSION = YES;
				CLANG_WARN_DIRECT_OBJC_ISA_USAGE = YES_ERROR;
				CLANG_WARN_EMPTY_BODY = YES;
				CLANG_WARN_ENUM_CONVERSION = YES;
				CLANG_WARN_INT_CONVERSION = YES;
				CLANG_WARN_OBJC_ROOT_CLASS = YES_ERROR;
				CLANG_WARN_UNREACHABLE_CODE = YES;
				CLANG_WARN__DUPLICATE_METHOD_MATCH = YES;
				"CODE_SIGN_IDENTITY[sdk=iphoneos*]" = "iPhone Developer";
				COPY_PHASE_STRIP = YES;
				ENABLE_NS_ASSERTIONS = NO;
				ENABLE_STRICT_OBJC_MSGSEND = YES;
				GCC_C_LANGUAGE_STANDARD = gnu99;
				GCC_WARN_64_TO_32_BIT_CONVERSION = YES;
				GCC_WARN_ABOUT_RETURN_TYPE = YES_ERROR;
				GCC_WARN_UNDECLARED_SELECTOR = YES;
				GCC_WARN_UNINITIALIZED_AUTOS = YES_AGGRESSIVE;
				GCC_WARN_UNUSED_FUNCTION = YES;
				GCC_WARN_UNUSED_VARIABLE = YES;
				IPHONEOS_DEPLOYMENT_TARGET = 8.1;
				MTL_ENABLE_DEBUG_INFO = NO;
				SDKROOT = iphoneos;
				TARGETED_DEVICE_FAMILY = "1,2";
				VALIDATE_PRODUCT = YES;
			};
			name = Release;
		};
		0FF3B5961B7049BF00610DCE /* Debug */ = {
			isa = XCBuildConfiguration;
			buildSettings = {
				ASSETCATALOG_COMPILER_APPICON_NAME = AppIcon;
				INFOPLIST_FILE = RtableTest/Info.plist;
				LD_RUNPATH_SEARCH_PATHS = "$(inherited) @executable_path/Frameworks";
				PRODUCT_NAME = "$(TARGET_NAME)";
			};
			name = Debug;
		};
		0FF3B5971B7049BF00610DCE /* Release */ = {
			isa = XCBuildConfiguration;
			buildSettings = {
				ASSETCATALOG_COMPILER_APPICON_NAME = AppIcon;
				INFOPLIST_FILE = RtableTest/Info.plist;
				LD_RUNPATH_SEARCH_PATHS = "$(inherited) @executable_path/Frameworks";
				PRODUCT_NAME = "$(TARGET_NAME)";
			};
			name = Release;
		};
		0FF3B5991B7049BF00610DCE /* Debug */ = {
			isa = XCBuildConfiguration;
			buildSettings = {
				BUNDLE_LOADER = "$(TEST_HOST)";
				FRAMEWORK_SEARCH_PATHS = (
					"$(SDKROOT)/Developer/Library/Frameworks",
					"$(inherited)",
				);
				GCC_PREPROCESSOR_DEFINITIONS = (
					"DEBUG=1",
					"$(inherited)",
				);
				INFOPLIST_FILE = RtableTestTests/Info.plist;
				LD_RUNPATH_SEARCH_PATHS = "$(inherited) @executable_path/Frameworks @loader_path/Frameworks";
				PRODUCT_NAME = "$(TARGET_NAME)";
				TEST_HOST = "$(BUILT_PRODUCTS_DIR)/RtableTest.app/RtableTest";
			};
			name = Debug;
		};
		0FF3B59A1B7049BF00610DCE /* Release */ = {
			isa = XCBuildConfiguration;
			buildSettings = {
				BUNDLE_LOADER = "$(TEST_HOST)";
				FRAMEWORK_SEARCH_PATHS = (
					"$(SDKROOT)/Developer/Library/Frameworks",
					"$(inherited)",
				);
				INFOPLIST_FILE = RtableTestTests/Info.plist;
				LD_RUNPATH_SEARCH_PATHS = "$(inherited) @executable_path/Frameworks @loader_path/Frameworks";
				PRODUCT_NAME = "$(TARGET_NAME)";
				TEST_HOST = "$(BUILT_PRODUCTS_DIR)/RtableTest.app/RtableTest";
			};
			name = Release;
		};
/* End XCBuildConfiguration section */

/* Begin XCConfigurationList section */
		0FF3B56D1B7049BF00610DCE /* Build configuration list for PBXProject "RtableTest" */ = {
			isa = XCConfigurationList;
			buildConfigurations = (
				0FF3B5931B7049BF00610DCE /* Debug */,
				0FF3B5941B7049BF00610DCE /* Release */,
			);
			defaultConfigurationIsVisible = 0;
			defaultConfigurationName = Release;
		};
		0FF3B5951B7049BF00610DCE /* Build configuration list for PBXNativeTarget "RtableTest" */ = {
			isa = XCConfigurationList;
			buildConfigurations = (
				0FF3B5961B7049BF00610DCE /* Debug */,
				0FF3B5971B7049BF00610DCE /* Release */,
			);
			defaultConfigurationIsVisible = 0;
		};
		0FF3B5981B7049BF00610DCE /* Build configuration list for PBXNativeTarget "RtableTestTests" */ = {
			isa = XCConfigurationList;
			buildConfigurations = (
				0FF3B5991B7049BF00610DCE /* Debug */,
				0FF3B59A1B7049BF00610DCE /* Release */,
			);
			defaultConfigurationIsVisible = 0;
		};
/* End XCConfigurationList section */
	};
	rootObject = 0FF3B56A1B7049BF00610DCE /* Project object */;
}
